// !$*UTF8*$!
{
	archiveVersion = 1;
	classes = {
	};
	objectVersion = 50;
	objects = {

/* Begin PBXBuildFile section */
		96D48C792673922800FE99B2 /* iOSHostApp.swift in Sources */ = {isa = PBXBuildFile; fileRef = 96D48C782673922800FE99B2 /* iOSHostApp.swift */; };
		96D48C7B2673922800FE99B2 /* ContentView.swift in Sources */ = {isa = PBXBuildFile; fileRef = 96D48C7A2673922800FE99B2 /* ContentView.swift */; };
		96D48C7D2673922900FE99B2 /* Assets.xcassets in Resources */ = {isa = PBXBuildFile; fileRef = 96D48C7C2673922900FE99B2 /* Assets.xcassets */; };
		96D48C802673922900FE99B2 /* Preview Assets.xcassets in Resources */ = {isa = PBXBuildFile; fileRef = 96D48C7F2673922900FE99B2 /* Preview Assets.xcassets */; };
		96D48C8B2673922A00FE99B2 /* iOSHostTests.swift in Sources */ = {isa = PBXBuildFile; fileRef = 96D48C8A2673922A00FE99B2 /* iOSHostTests.swift */; };
		96D48C962673922A00FE99B2 /* iOSHostUITests.swift in Sources */ = {isa = PBXBuildFile; fileRef = 96D48C952673922A00FE99B2 /* iOSHostUITests.swift */; };
/* End PBXBuildFile section */

/* Begin PBXContainerItemProxy section */
		96D48C872673922A00FE99B2 /* PBXContainerItemProxy */ = {
			isa = PBXContainerItemProxy;
			containerPortal = 96D48C6D2673922800FE99B2 /* Project object */;
			proxyType = 1;
			remoteGlobalIDString = 96D48C742673922800FE99B2;
			remoteInfo = iOSHost;
		};
		96D48C922673922A00FE99B2 /* PBXContainerItemProxy */ = {
			isa = PBXContainerItemProxy;
			containerPortal = 96D48C6D2673922800FE99B2 /* Project object */;
			proxyType = 1;
			remoteGlobalIDString = 96D48C742673922800FE99B2;
			remoteInfo = iOSHost;
		};
/* End PBXContainerItemProxy section */

/* Begin PBXFileReference section */
		96D48C752673922800FE99B2 /* iOSHost.app */ = {isa = PBXFileReference; explicitFileType = wrapper.application; includeInIndex = 0; path = iOSHost.app; sourceTree = BUILT_PRODUCTS_DIR; };
		96D48C782673922800FE99B2 /* iOSHostApp.swift */ = {isa = PBXFileReference; lastKnownFileType = sourcecode.swift; path = iOSHostApp.swift; sourceTree = "<group>"; };
		96D48C7A2673922800FE99B2 /* ContentView.swift */ = {isa = PBXFileReference; lastKnownFileType = sourcecode.swift; path = ContentView.swift; sourceTree = "<group>"; };
		96D48C7C2673922900FE99B2 /* Assets.xcassets */ = {isa = PBXFileReference; lastKnownFileType = folder.assetcatalog; path = Assets.xcassets; sourceTree = "<group>"; };
		96D48C7F2673922900FE99B2 /* Preview Assets.xcassets */ = {isa = PBXFileReference; lastKnownFileType = folder.assetcatalog; path = "Preview Assets.xcassets"; sourceTree = "<group>"; };
		96D48C812673922900FE99B2 /* Info.plist */ = {isa = PBXFileReference; lastKnownFileType = text.plist.xml; path = Info.plist; sourceTree = "<group>"; };
		96D48C862673922A00FE99B2 /* iOSHostTests.xctest */ = {isa = PBXFileReference; explicitFileType = wrapper.cfbundle; includeInIndex = 0; path = iOSHostTests.xctest; sourceTree = BUILT_PRODUCTS_DIR; };
		96D48C8A2673922A00FE99B2 /* iOSHostTests.swift */ = {isa = PBXFileReference; lastKnownFileType = sourcecode.swift; path = iOSHostTests.swift; sourceTree = "<group>"; };
		96D48C8C2673922A00FE99B2 /* Info.plist */ = {isa = PBXFileReference; lastKnownFileType = text.plist.xml; path = Info.plist; sourceTree = "<group>"; };
		96D48C912673922A00FE99B2 /* iOSHostUITests.xctest */ = {isa = PBXFileReference; explicitFileType = wrapper.cfbundle; includeInIndex = 0; path = iOSHostUITests.xctest; sourceTree = BUILT_PRODUCTS_DIR; };
		96D48C952673922A00FE99B2 /* iOSHostUITests.swift */ = {isa = PBXFileReference; lastKnownFileType = sourcecode.swift; path = iOSHostUITests.swift; sourceTree = "<group>"; };
		96D48C972673922A00FE99B2 /* Info.plist */ = {isa = PBXFileReference; lastKnownFileType = text.plist.xml; path = Info.plist; sourceTree = "<group>"; };
/* End PBXFileReference section */

/* Begin PBXFrameworksBuildPhase section */
		96D48C722673922800FE99B2 /* Frameworks */ = {
			isa = PBXFrameworksBuildPhase;
			buildActionMask = 2147483647;
			files = (
			);
			runOnlyForDeploymentPostprocessing = 0;
		};
		96D48C832673922A00FE99B2 /* Frameworks */ = {
			isa = PBXFrameworksBuildPhase;
			buildActionMask = 2147483647;
			files = (
			);
			runOnlyForDeploymentPostprocessing = 0;
		};
		96D48C8E2673922A00FE99B2 /* Frameworks */ = {
			isa = PBXFrameworksBuildPhase;
			buildActionMask = 2147483647;
			files = (
			);
			runOnlyForDeploymentPostprocessing = 0;
		};
/* End PBXFrameworksBuildPhase section */

/* Begin PBXGroup section */
		96D48C6C2673922800FE99B2 = {
			isa = PBXGroup;
			children = (
				96D48C772673922800FE99B2 /* iOSHost */,
				96D48C892673922A00FE99B2 /* iOSHostTests */,
				96D48C942673922A00FE99B2 /* iOSHostUITests */,
				96D48C762673922800FE99B2 /* Products */,
			);
			sourceTree = "<group>";
		};
		96D48C762673922800FE99B2 /* Products */ = {
			isa = PBXGroup;
			children = (
				96D48C752673922800FE99B2 /* iOSHost.app */,
				96D48C862673922A00FE99B2 /* iOSHostTests.xctest */,
				96D48C912673922A00FE99B2 /* iOSHostUITests.xctest */,
			);
			name = Products;
			sourceTree = "<group>";
		};
		96D48C772673922800FE99B2 /* iOSHost */ = {
			isa = PBXGroup;
			children = (
				96D48C782673922800FE99B2 /* iOSHostApp.swift */,
				96D48C7A2673922800FE99B2 /* ContentView.swift */,
				96D48C7C2673922900FE99B2 /* Assets.xcassets */,
				96D48C812673922900FE99B2 /* Info.plist */,
				96D48C7E2673922900FE99B2 /* Preview Content */,
			);
			path = iOSHost;
			sourceTree = "<group>";
		};
		96D48C7E2673922900FE99B2 /* Preview Content */ = {
			isa = PBXGroup;
			children = (
				96D48C7F2673922900FE99B2 /* Preview Assets.xcassets */,
			);
			path = "Preview Content";
			sourceTree = "<group>";
		};
		96D48C892673922A00FE99B2 /* iOSHostTests */ = {
			isa = PBXGroup;
			children = (
				96D48C8A2673922A00FE99B2 /* iOSHostTests.swift */,
				96D48C8C2673922A00FE99B2 /* Info.plist */,
			);
			path = iOSHostTests;
			sourceTree = "<group>";
		};
		96D48C942673922A00FE99B2 /* iOSHostUITests */ = {
			isa = PBXGroup;
			children = (
				96D48C952673922A00FE99B2 /* iOSHostUITests.swift */,
				96D48C972673922A00FE99B2 /* Info.plist */,
			);
			path = iOSHostUITests;
			sourceTree = "<group>";
		};
/* End PBXGroup section */

/* Begin PBXNativeTarget section */
		96D48C742673922800FE99B2 /* iOSHost */ = {
			isa = PBXNativeTarget;
			buildConfigurationList = 96D48C9A2673922A00FE99B2 /* Build configuration list for PBXNativeTarget "iOSHost" */;
			buildPhases = (
				96D48C712673922800FE99B2 /* Sources */,
				96D48C722673922800FE99B2 /* Frameworks */,
				96D48C732673922800FE99B2 /* Resources */,
			);
			buildRules = (
			);
			dependencies = (
			);
			name = iOSHost;
			productName = iOSHost;
			productReference = 96D48C752673922800FE99B2 /* iOSHost.app */;
			productType = "com.apple.product-type.application";
		};
		96D48C852673922A00FE99B2 /* iOSHostTests */ = {
			isa = PBXNativeTarget;
			buildConfigurationList = 96D48C9D2673922A00FE99B2 /* Build configuration list for PBXNativeTarget "iOSHostTests" */;
			buildPhases = (
				96D48C822673922A00FE99B2 /* Sources */,
				96D48C832673922A00FE99B2 /* Frameworks */,
				96D48C842673922A00FE99B2 /* Resources */,
			);
			buildRules = (
			);
			dependencies = (
				96D48C882673922A00FE99B2 /* PBXTargetDependency */,
			);
			name = iOSHostTests;
			productName = iOSHostTests;
			productReference = 96D48C862673922A00FE99B2 /* iOSHostTests.xctest */;
			productType = "com.apple.product-type.bundle.unit-test";
		};
		96D48C902673922A00FE99B2 /* iOSHostUITests */ = {
			isa = PBXNativeTarget;
			buildConfigurationList = 96D48CA02673922A00FE99B2 /* Build configuration list for PBXNativeTarget "iOSHostUITests" */;
			buildPhases = (
				96D48C8D2673922A00FE99B2 /* Sources */,
				96D48C8E2673922A00FE99B2 /* Frameworks */,
				96D48C8F2673922A00FE99B2 /* Resources */,
			);
			buildRules = (
			);
			dependencies = (
				96D48C932673922A00FE99B2 /* PBXTargetDependency */,
			);
			name = iOSHostUITests;
			productName = iOSHostUITests;
			productReference = 96D48C912673922A00FE99B2 /* iOSHostUITests.xctest */;
			productType = "com.apple.product-type.bundle.ui-testing";
		};
/* End PBXNativeTarget section */

/* Begin PBXProject section */
		96D48C6D2673922800FE99B2 /* Project object */ = {
			isa = PBXProject;
			attributes = {
				LastSwiftUpdateCheck = 1250;
				LastUpgradeCheck = 1250;
				TargetAttributes = {
					96D48C742673922800FE99B2 = {
						CreatedOnToolsVersion = 12.5;
					};
					96D48C852673922A00FE99B2 = {
						CreatedOnToolsVersion = 12.5;
						TestTargetID = 96D48C742673922800FE99B2;
					};
					96D48C902673922A00FE99B2 = {
						CreatedOnToolsVersion = 12.5;
						TestTargetID = 96D48C742673922800FE99B2;
					};
				};
			};
			buildConfigurationList = 96D48C702673922800FE99B2 /* Build configuration list for PBXProject "iOSHost" */;
			compatibilityVersion = "Xcode 9.3";
			developmentRegion = en;
			hasScannedForEncodings = 0;
			knownRegions = (
				en,
				Base,
			);
			mainGroup = 96D48C6C2673922800FE99B2;
			productRefGroup = 96D48C762673922800FE99B2 /* Products */;
			projectDirPath = "";
			projectRoot = "";
			targets = (
				96D48C742673922800FE99B2 /* iOSHost */,
				96D48C852673922A00FE99B2 /* iOSHostTests */,
				96D48C902673922A00FE99B2 /* iOSHostUITests */,
			);
		};
/* End PBXProject section */

/* Begin PBXResourcesBuildPhase section */
		96D48C732673922800FE99B2 /* Resources */ = {
			isa = PBXResourcesBuildPhase;
			buildActionMask = 2147483647;
			files = (
				96D48C802673922900FE99B2 /* Preview Assets.xcassets in Resources */,
				96D48C7D2673922900FE99B2 /* Assets.xcassets in Resources */,
			);
			runOnlyForDeploymentPostprocessing = 0;
		};
		96D48C842673922A00FE99B2 /* Resources */ = {
			isa = PBXResourcesBuildPhase;
			buildActionMask = 2147483647;
			files = (
			);
			runOnlyForDeploymentPostprocessing = 0;
		};
		96D48C8F2673922A00FE99B2 /* Resources */ = {
			isa = PBXResourcesBuildPhase;
			buildActionMask = 2147483647;
			files = (
			);
			runOnlyForDeploymentPostprocessing = 0;
		};
/* End PBXResourcesBuildPhase section */

/* Begin PBXSourcesBuildPhase section */
		96D48C712673922800FE99B2 /* Sources */ = {
			isa = PBXSourcesBuildPhase;
			buildActionMask = 2147483647;
			files = (
				96D48C7B2673922800FE99B2 /* ContentView.swift in Sources */,
				96D48C792673922800FE99B2 /* iOSHostApp.swift in Sources */,
			);
			runOnlyForDeploymentPostprocessing = 0;
		};
		96D48C822673922A00FE99B2 /* Sources */ = {
			isa = PBXSourcesBuildPhase;
			buildActionMask = 2147483647;
			files = (
				96D48C8B2673922A00FE99B2 /* iOSHostTests.swift in Sources */,
			);
			runOnlyForDeploymentPostprocessing = 0;
		};
		96D48C8D2673922A00FE99B2 /* Sources */ = {
			isa = PBXSourcesBuildPhase;
			buildActionMask = 2147483647;
			files = (
				96D48C962673922A00FE99B2 /* iOSHostUITests.swift in Sources */,
			);
			runOnlyForDeploymentPostprocessing = 0;
		};
/* End PBXSourcesBuildPhase section */

/* Begin PBXTargetDependency section */
		96D48C882673922A00FE99B2 /* PBXTargetDependency */ = {
			isa = PBXTargetDependency;
			target = 96D48C742673922800FE99B2 /* iOSHost */;
			targetProxy = 96D48C872673922A00FE99B2 /* PBXContainerItemProxy */;
		};
		96D48C932673922A00FE99B2 /* PBXTargetDependency */ = {
			isa = PBXTargetDependency;
			target = 96D48C742673922800FE99B2 /* iOSHost */;
			targetProxy = 96D48C922673922A00FE99B2 /* PBXContainerItemProxy */;
		};
/* End PBXTargetDependency section */

/* Begin XCBuildConfiguration section */
		96D48C982673922A00FE99B2 /* Debug */ = {
			isa = XCBuildConfiguration;
			buildSettings = {
				ALWAYS_SEARCH_USER_PATHS = NO;
				CLANG_ANALYZER_NONNULL = YES;
				CLANG_ANALYZER_NUMBER_OBJECT_CONVERSION = YES_AGGRESSIVE;
				CLANG_CXX_LANGUAGE_STANDARD = "gnu++14";
				CLANG_CXX_LIBRARY = "libc++";
				CLANG_ENABLE_MODULES = YES;
				CLANG_ENABLE_OBJC_ARC = YES;
				CLANG_ENABLE_OBJC_WEAK = YES;
				CLANG_WARN_BLOCK_CAPTURE_AUTORELEASING = YES;
				CLANG_WARN_BOOL_CONVERSION = YES;
				CLANG_WARN_COMMA = YES;
				CLANG_WARN_CONSTANT_CONVERSION = YES;
				CLANG_WARN_DEPRECATED_OBJC_IMPLEMENTATIONS = YES;
				CLANG_WARN_DIRECT_OBJC_ISA_USAGE = YES_ERROR;
				CLANG_WARN_DOCUMENTATION_COMMENTS = YES;
				CLANG_WARN_EMPTY_BODY = YES;
				CLANG_WARN_ENUM_CONVERSION = YES;
				CLANG_WARN_INFINITE_RECURSION = YES;
				CLANG_WARN_INT_CONVERSION = YES;
				CLANG_WARN_NON_LITERAL_NULL_CONVERSION = YES;
				CLANG_WARN_OBJC_IMPLICIT_RETAIN_SELF = YES;
				CLANG_WARN_OBJC_LITERAL_CONVERSION = YES;
				CLANG_WARN_OBJC_ROOT_CLASS = YES_ERROR;
				CLANG_WARN_QUOTED_INCLUDE_IN_FRAMEWORK_HEADER = YES;
				CLANG_WARN_RANGE_LOOP_ANALYSIS = YES;
				CLANG_WARN_STRICT_PROTOTYPES = YES;
				CLANG_WARN_SUSPICIOUS_MOVE = YES;
				CLANG_WARN_UNGUARDED_AVAILABILITY = YES_AGGRESSIVE;
				CLANG_WARN_UNREACHABLE_CODE = YES;
				CLANG_WARN__DUPLICATE_METHOD_MATCH = YES;
				COPY_PHASE_STRIP = NO;
				DEBUG_INFORMATION_FORMAT = dwarf;
				ENABLE_STRICT_OBJC_MSGSEND = YES;
				ENABLE_TESTABILITY = YES;
				GCC_C_LANGUAGE_STANDARD = gnu11;
				GCC_DYNAMIC_NO_PIC = NO;
				GCC_NO_COMMON_BLOCKS = YES;
				GCC_OPTIMIZATION_LEVEL = 0;
				GCC_PREPROCESSOR_DEFINITIONS = (
					"DEBUG=1",
					"$(inherited)",
				);
				GCC_WARN_64_TO_32_BIT_CONVERSION = YES;
				GCC_WARN_ABOUT_RETURN_TYPE = YES_ERROR;
				GCC_WARN_UNDECLARED_SELECTOR = YES;
				GCC_WARN_UNINITIALIZED_AUTOS = YES_AGGRESSIVE;
				GCC_WARN_UNUSED_FUNCTION = YES;
				GCC_WARN_UNUSED_VARIABLE = YES;
				IPHONEOS_DEPLOYMENT_TARGET = 14.5;
				MTL_ENABLE_DEBUG_INFO = INCLUDE_SOURCE;
				MTL_FAST_MATH = YES;
				ONLY_ACTIVE_ARCH = YES;
				SDKROOT = iphoneos;
				SWIFT_ACTIVE_COMPILATION_CONDITIONS = DEBUG;
				SWIFT_OPTIMIZATION_LEVEL = "-Onone";
			};
			name = Debug;
		};
		96D48C992673922A00FE99B2 /* Release */ = {
			isa = XCBuildConfiguration;
			buildSettings = {
				ALWAYS_SEARCH_USER_PATHS = NO;
				CLANG_ANALYZER_NONNULL = YES;
				CLANG_ANALYZER_NUMBER_OBJECT_CONVERSION = YES_AGGRESSIVE;
				CLANG_CXX_LANGUAGE_STANDARD = "gnu++14";
				CLANG_CXX_LIBRARY = "libc++";
				CLANG_ENABLE_MODULES = YES;
				CLANG_ENABLE_OBJC_ARC = YES;
				CLANG_ENABLE_OBJC_WEAK = YES;
				CLANG_WARN_BLOCK_CAPTURE_AUTORELEASING = YES;
				CLANG_WARN_BOOL_CONVERSION = YES;
				CLANG_WARN_COMMA = YES;
				CLANG_WARN_CONSTANT_CONVERSION = YES;
				CLANG_WARN_DEPRECATED_OBJC_IMPLEMENTATIONS = YES;
				CLANG_WARN_DIRECT_OBJC_ISA_USAGE = YES_ERROR;
				CLANG_WARN_DOCUMENTATION_COMMENTS = YES;
				CLANG_WARN_EMPTY_BODY = YES;
				CLANG_WARN_ENUM_CONVERSION = YES;
				CLANG_WARN_INFINITE_RECURSION = YES;
				CLANG_WARN_INT_CONVERSION = YES;
				CLANG_WARN_NON_LITERAL_NULL_CONVERSION = YES;
				CLANG_WARN_OBJC_IMPLICIT_RETAIN_SELF = YES;
				CLANG_WARN_OBJC_LITERAL_CONVERSION = YES;
				CLANG_WARN_OBJC_ROOT_CLASS = YES_ERROR;
				CLANG_WARN_QUOTED_INCLUDE_IN_FRAMEWORK_HEADER = YES;
				CLANG_WARN_RANGE_LOOP_ANALYSIS = YES;
				CLANG_WARN_STRICT_PROTOTYPES = YES;
				CLANG_WARN_SUSPICIOUS_MOVE = YES;
				CLANG_WARN_UNGUARDED_AVAILABILITY = YES_AGGRESSIVE;
				CLANG_WARN_UNREACHABLE_CODE = YES;
				CLANG_WARN__DUPLICATE_METHOD_MATCH = YES;
				COPY_PHASE_STRIP = NO;
				DEBUG_INFORMATION_FORMAT = "dwarf-with-dsym";
				ENABLE_NS_ASSERTIONS = NO;
				ENABLE_STRICT_OBJC_MSGSEND = YES;
				GCC_C_LANGUAGE_STANDARD = gnu11;
				GCC_NO_COMMON_BLOCKS = YES;
				GCC_WARN_64_TO_32_BIT_CONVERSION = YES;
				GCC_WARN_ABOUT_RETURN_TYPE = YES_ERROR;
				GCC_WARN_UNDECLARED_SELECTOR = YES;
				GCC_WARN_UNINITIALIZED_AUTOS = YES_AGGRESSIVE;
				GCC_WARN_UNUSED_FUNCTION = YES;
				GCC_WARN_UNUSED_VARIABLE = YES;
				IPHONEOS_DEPLOYMENT_TARGET = 14.5;
				MTL_ENABLE_DEBUG_INFO = NO;
				MTL_FAST_MATH = YES;
				SDKROOT = iphoneos;
				SWIFT_COMPILATION_MODE = wholemodule;
				SWIFT_OPTIMIZATION_LEVEL = "-O";
				VALIDATE_PRODUCT = YES;
			};
			name = Release;
		};
		96D48C9B2673922A00FE99B2 /* Debug */ = {
			isa = XCBuildConfiguration;
			buildSettings = {
				ASSETCATALOG_COMPILER_APPICON_NAME = AppIcon;
				ASSETCATALOG_COMPILER_GLOBAL_ACCENT_COLOR_NAME = AccentColor;
				CODE_SIGN_STYLE = Automatic;
				DEVELOPMENT_ASSET_PATHS = "\"iOSHost/Preview Content\"";
				DEVELOPMENT_TEAM = GTMDCB3F3C;
				ENABLE_PREVIEWS = YES;
				INFOPLIST_FILE = iOSHost/Info.plist;
				IPHONEOS_DEPLOYMENT_TARGET = 14.0;
				LD_RUNPATH_SEARCH_PATHS = (
					"$(inherited)",
					"@executable_path/Frameworks",
				);
				PRODUCT_BUNDLE_IDENTIFIER = zuhlke.com.iOSHost;
				PRODUCT_NAME = "$(TARGET_NAME)";
				SWIFT_VERSION = 5.0;
				TARGETED_DEVICE_FAMILY = "1,2";
			};
			name = Debug;
		};
		96D48C9C2673922A00FE99B2 /* Release */ = {
			isa = XCBuildConfiguration;
			buildSettings = {
				ASSETCATALOG_COMPILER_APPICON_NAME = AppIcon;
				ASSETCATALOG_COMPILER_GLOBAL_ACCENT_COLOR_NAME = AccentColor;
				CODE_SIGN_STYLE = Automatic;
				DEVELOPMENT_ASSET_PATHS = "\"iOSHost/Preview Content\"";
				DEVELOPMENT_TEAM = GTMDCB3F3C;
				ENABLE_PREVIEWS = YES;
				INFOPLIST_FILE = iOSHost/Info.plist;
				IPHONEOS_DEPLOYMENT_TARGET = 14.0;
				LD_RUNPATH_SEARCH_PATHS = (
					"$(inherited)",
					"@executable_path/Frameworks",
				);
				PRODUCT_BUNDLE_IDENTIFIER = zuhlke.com.iOSHost;
				PRODUCT_NAME = "$(TARGET_NAME)";
				SWIFT_VERSION = 5.0;
				TARGETED_DEVICE_FAMILY = "1,2";
			};
			name = Release;
		};
		96D48C9E2673922A00FE99B2 /* Debug */ = {
			isa = XCBuildConfiguration;
			buildSettings = {
				ALWAYS_EMBED_SWIFT_STANDARD_LIBRARIES = YES;
				BUNDLE_LOADER = "$(TEST_HOST)";
				CODE_SIGN_STYLE = Automatic;
				DEVELOPMENT_TEAM = GTMDCB3F3C;
				INFOPLIST_FILE = iOSHostTests/Info.plist;
				IPHONEOS_DEPLOYMENT_TARGET = 14.0;
				LD_RUNPATH_SEARCH_PATHS = (
					"$(inherited)",
					"@executable_path/Frameworks",
					"@loader_path/Frameworks",
				);
				PRODUCT_BUNDLE_IDENTIFIER = zuhlke.com.iOSHostTests;
				PRODUCT_NAME = "$(TARGET_NAME)";
				SWIFT_VERSION = 5.0;
				TARGETED_DEVICE_FAMILY = "1,2";
				TEST_HOST = "$(BUILT_PRODUCTS_DIR)/iOSHost.app/iOSHost";
			};
			name = Debug;
		};
		96D48C9F2673922A00FE99B2 /* Release */ = {
			isa = XCBuildConfiguration;
			buildSettings = {
				ALWAYS_EMBED_SWIFT_STANDARD_LIBRARIES = YES;
				BUNDLE_LOADER = "$(TEST_HOST)";
				CODE_SIGN_STYLE = Automatic;
				DEVELOPMENT_TEAM = GTMDCB3F3C;
				INFOPLIST_FILE = iOSHostTests/Info.plist;
				IPHONEOS_DEPLOYMENT_TARGET = 14.0;
				LD_RUNPATH_SEARCH_PATHS = (
					"$(inherited)",
					"@executable_path/Frameworks",
					"@loader_path/Frameworks",
				);
				PRODUCT_BUNDLE_IDENTIFIER = zuhlke.com.iOSHostTests;
				PRODUCT_NAME = "$(TARGET_NAME)";
				SWIFT_VERSION = 5.0;
				TARGETED_DEVICE_FAMILY = "1,2";
				TEST_HOST = "$(BUILT_PRODUCTS_DIR)/iOSHost.app/iOSHost";
			};
			name = Release;
		};
		96D48CA12673922A00FE99B2 /* Debug */ = {
			isa = XCBuildConfiguration;
			buildSettings = {
				ALWAYS_EMBED_SWIFT_STANDARD_LIBRARIES = YES;
				CODE_SIGN_STYLE = Automatic;
				DEVELOPMENT_TEAM = GTMDCB3F3C;
				INFOPLIST_FILE = iOSHostUITests/Info.plist;
				LD_RUNPATH_SEARCH_PATHS = (
					"$(inherited)",
					"@executable_path/Frameworks",
					"@loader_path/Frameworks",
				);
				PRODUCT_BUNDLE_IDENTIFIER = zuhlke.com.iOSHostUITests;
				PRODUCT_NAME = "$(TARGET_NAME)";
				SWIFT_VERSION = 5.0;
				TARGETED_DEVICE_FAMILY = "1,2";
				TEST_TARGET_NAME = iOSHost;
			};
			name = Debug;
		};
		96D48CA22673922A00FE99B2 /* Release */ = {
			isa = XCBuildConfiguration;
			buildSettings = {
				ALWAYS_EMBED_SWIFT_STANDARD_LIBRARIES = YES;
				CODE_SIGN_STYLE = Automatic;
				DEVELOPMENT_TEAM = GTMDCB3F3C;
				INFOPLIST_FILE = iOSHostUITests/Info.plist;
				LD_RUNPATH_SEARCH_PATHS = (
					"$(inherited)",
					"@executable_path/Frameworks",
					"@loader_path/Frameworks",
				);
				PRODUCT_BUNDLE_IDENTIFIER = zuhlke.com.iOSHostUITests;
				PRODUCT_NAME = "$(TARGET_NAME)";
				SWIFT_VERSION = 5.0;
				TARGETED_DEVICE_FAMILY = "1,2";
				TEST_TARGET_NAME = iOSHost;
			};
			name = Release;
		};
/* End XCBuildConfiguration section */

/* Begin XCConfigurationList section */
		96D48C702673922800FE99B2 /* Build configuration list for PBXProject "iOSHost" */ = {
			isa = XCConfigurationList;
			buildConfigurations = (
				96D48C982673922A00FE99B2 /* Debug */,
				96D48C992673922A00FE99B2 /* Release */,
			);
			defaultConfigurationIsVisible = 0;
			defaultConfigurationName = Release;
		};
		96D48C9A2673922A00FE99B2 /* Build configuration list for PBXNativeTarget "iOSHost" */ = {
			isa = XCConfigurationList;
			buildConfigurations = (
				96D48C9B2673922A00FE99B2 /* Debug */,
				96D48C9C2673922A00FE99B2 /* Release */,
			);
			defaultConfigurationIsVisible = 0;
			defaultConfigurationName = Release;
		};
		96D48C9D2673922A00FE99B2 /* Build configuration list for PBXNativeTarget "iOSHostTests" */ = {
			isa = XCConfigurationList;
			buildConfigurations = (
				96D48C9E2673922A00FE99B2 /* Debug */,
				96D48C9F2673922A00FE99B2 /* Release */,
			);
			defaultConfigurationIsVisible = 0;
			defaultConfigurationName = Release;
		};
		96D48CA02673922A00FE99B2 /* Build configuration list for PBXNativeTarget "iOSHostUITests" */ = {
			isa = XCConfigurationList;
			buildConfigurations = (
				96D48CA12673922A00FE99B2 /* Debug */,
				96D48CA22673922A00FE99B2 /* Release */,
			);
			defaultConfigurationIsVisible = 0;
			defaultConfigurationName = Release;
		};
/* End XCConfigurationList section */
	};
	rootObject = 96D48C6D2673922800FE99B2 /* Project object */;
}
